
Microsoft Visual Studio Solution File, Format Version 12.00
# Visual Studio 15
VisualStudioVersion = 15.0.27428.2043
MinimumVisualStudioVersion = 10.0.40219.1
Project("{FAE04EC0-301F-11D3-BF4B-00C04F79EFBC}") = "Jankiele", "Jankiele\Jankiele.csproj", "{92756BDE-C6D2-4EEA-8888-8C9172F72D10}"
EndProject
Global
	GlobalSection(SolutionConfigurationPlatforms) = preSolution
		Debug|Any CPU = Debug|Any CPU
		Release|Any CPU = Release|Any CPU
	EndGlobalSection
	GlobalSection(ProjectConfigurationPlatforms) = postSolution
		{92756BDE-C6D2-4EEA-8888-8C9172F72D10}.Debug|Any CPU.ActiveCfg = Debug|Any CPU
		{92756BDE-C6D2-4EEA-8888-8C9172F72D10}.Debug|Any CPU.Build.0 = Debug|Any CPU
		{92756BDE-C6D2-4EEA-8888-8C9172F72D10}.Release|Any CPU.ActiveCfg = Release|Any CPU
		{92756BDE-C6D2-4EEA-8888-8C9172F72D10}.Release|Any CPU.Build.0 = Release|Any CPU
	EndGlobalSection
	GlobalSection(SolutionProperties) = preSolution
		HideSolutionNode = FALSE
	EndGlobalSection
	GlobalSection(ExtensibilityGlobals) = postSolution
		SolutionGuid = {CE72CDE7-DBDA-4EB5-8107-A4EDC5EFBBB8}
	EndGlobalSection
EndGlobal
